// !$*UTF8*$!
{
	archiveVersion = 1;
	classes = {
	};
	objectVersion = 56;
	objects = {

/* Begin PBXBuildFile section */
		F8BCEBBB2BF9D1E100C9B95B /* my_traffic3App.swift in Sources */ = {isa = PBXBuildFile; fileRef = F8BCEBBA2BF9D1E100C9B95B /* my_traffic3App.swift */; };
		F8BCEBBD2BF9D1E100C9B95B /* ContentView.swift in Sources */ = {isa = PBXBuildFile; fileRef = F8BCEBBC2BF9D1E100C9B95B /* ContentView.swift */; };
		F8BCEBBF2BF9D1E300C9B95B /* Assets.xcassets in Resources */ = {isa = PBXBuildFile; fileRef = F8BCEBBE2BF9D1E300C9B95B /* Assets.xcassets */; };
		F8BCEBC22BF9D1E300C9B95B /* Preview Assets.xcassets in Resources */ = {isa = PBXBuildFile; fileRef = F8BCEBC12BF9D1E300C9B95B /* Preview Assets.xcassets */; };
		F8BCEBC42BF9D1E300C9B95B /* Persistence.swift in Sources */ = {isa = PBXBuildFile; fileRef = F8BCEBC32BF9D1E300C9B95B /* Persistence.swift */; };
		F8BCEBC72BF9D1E300C9B95B /* my_traffic3.xcdatamodeld in Sources */ = {isa = PBXBuildFile; fileRef = F8BCEBC52BF9D1E300C9B95B /* my_traffic3.xcdatamodeld */; };
/* End PBXBuildFile section */

/* Begin PBXFileReference section */
		F8BCEBB72BF9D1E100C9B95B /* my_traffic3.app */ = {isa = PBXFileReference; explicitFileType = wrapper.application; includeInIndex = 0; path = my_traffic3.app; sourceTree = BUILT_PRODUCTS_DIR; };
		F8BCEBBA2BF9D1E100C9B95B /* my_traffic3App.swift */ = {isa = PBXFileReference; lastKnownFileType = sourcecode.swift; path = my_traffic3App.swift; sourceTree = "<group>"; };
		F8BCEBBC2BF9D1E100C9B95B /* ContentView.swift */ = {isa = PBXFileReference; lastKnownFileType = sourcecode.swift; path = ContentView.swift; sourceTree = "<group>"; };
		F8BCEBBE2BF9D1E300C9B95B /* Assets.xcassets */ = {isa = PBXFileReference; lastKnownFileType = folder.assetcatalog; path = Assets.xcassets; sourceTree = "<group>"; };
		F8BCEBC12BF9D1E300C9B95B /* Preview Assets.xcassets */ = {isa = PBXFileReference; lastKnownFileType = folder.assetcatalog; path = "Preview Assets.xcassets"; sourceTree = "<group>"; };
		F8BCEBC32BF9D1E300C9B95B /* Persistence.swift */ = {isa = PBXFileReference; lastKnownFileType = sourcecode.swift; path = Persistence.swift; sourceTree = "<group>"; };
		F8BCEBC62BF9D1E300C9B95B /* my_traffic3.xcdatamodel */ = {isa = PBXFileReference; lastKnownFileType = wrapper.xcdatamodel; path = my_traffic3.xcdatamodel; sourceTree = "<group>"; };
/* End PBXFileReference section */

/* Begin PBXFrameworksBuildPhase section */
		F8BCEBB42BF9D1E100C9B95B /* Frameworks */ = {
			isa = PBXFrameworksBuildPhase;
			buildActionMask = 2147483647;
			files = (
			);
			runOnlyForDeploymentPostprocessing = 0;
		};
/* End PBXFrameworksBuildPhase section */

/* Begin PBXGroup section */
		F8BCEBAE2BF9D1E100C9B95B = {
			isa = PBXGroup;
			children = (
				F8BCEBB92BF9D1E100C9B95B /* my_traffic3 */,
				F8BCEBB82BF9D1E100C9B95B /* Products */,
			);
			sourceTree = "<group>";
		};
		F8BCEBB82BF9D1E100C9B95B /* Products */ = {
			isa = PBXGroup;
			children = (
				F8BCEBB72BF9D1E100C9B95B /* my_traffic3.app */,
			);
			name = Products;
			sourceTree = "<group>";
		};
		F8BCEBB92BF9D1E100C9B95B /* my_traffic3 */ = {
			isa = PBXGroup;
			children = (
				F8BCEBBA2BF9D1E100C9B95B /* my_traffic3App.swift */,
				F8BCEBBC2BF9D1E100C9B95B /* ContentView.swift */,
				F8BCEBBE2BF9D1E300C9B95B /* Assets.xcassets */,
				F8BCEBC32BF9D1E300C9B95B /* Persistence.swift */,
				F8BCEBC52BF9D1E300C9B95B /* my_traffic3.xcdatamodeld */,
				F8BCEBC02BF9D1E300C9B95B /* Preview Content */,
			);
			path = my_traffic3;
			sourceTree = "<group>";
		};
		F8BCEBC02BF9D1E300C9B95B /* Preview Content */ = {
			isa = PBXGroup;
			children = (
				F8BCEBC12BF9D1E300C9B95B /* Preview Assets.xcassets */,
			);
			path = "Preview Content";
			sourceTree = "<group>";
		};
/* End PBXGroup section */

/* Begin PBXNativeTarget section */
		F8BCEBB62BF9D1E100C9B95B /* my_traffic3 */ = {
			isa = PBXNativeTarget;
			buildConfigurationList = F8BCEBCA2BF9D1E300C9B95B /* Build configuration list for PBXNativeTarget "my_traffic3" */;
			buildPhases = (
				F8BCEBB32BF9D1E100C9B95B /* Sources */,
				F8BCEBB42BF9D1E100C9B95B /* Frameworks */,
				F8BCEBB52BF9D1E100C9B95B /* Resources */,
			);
			buildRules = (
			);
			dependencies = (
			);
			name = my_traffic3;
			productName = my_traffic3;
			productReference = F8BCEBB72BF9D1E100C9B95B /* my_traffic3.app */;
			productType = "com.apple.product-type.application";
		};
/* End PBXNativeTarget section */

/* Begin PBXProject section */
		F8BCEBAF2BF9D1E100C9B95B /* Project object */ = {
			isa = PBXProject;
			attributes = {
				BuildIndependentTargetsInParallel = 1;
				LastSwiftUpdateCheck = 1520;
				LastUpgradeCheck = 1520;
				TargetAttributes = {
					F8BCEBB62BF9D1E100C9B95B = {
						CreatedOnToolsVersion = 15.2;
					};
				};
			};
			buildConfigurationList = F8BCEBB22BF9D1E100C9B95B /* Build configuration list for PBXProject "my_traffic3" */;
			compatibilityVersion = "Xcode 14.0";
			developmentRegion = en;
			hasScannedForEncodings = 0;
			knownRegions = (
				en,
				Base,
			);
			mainGroup = F8BCEBAE2BF9D1E100C9B95B;
			productRefGroup = F8BCEBB82BF9D1E100C9B95B /* Products */;
			projectDirPath = "";
			projectRoot = "";
			targets = (
				F8BCEBB62BF9D1E100C9B95B /* my_traffic3 */,
			);
		};
/* End PBXProject section */

/* Begin PBXResourcesBuildPhase section */
		F8BCEBB52BF9D1E100C9B95B /* Resources */ = {
			isa = PBXResourcesBuildPhase;
			buildActionMask = 2147483647;
			files = (
				F8BCEBC22BF9D1E300C9B95B /* Preview Assets.xcassets in Resources */,
				F8BCEBBF2BF9D1E300C9B95B /* Assets.xcassets in Resources */,
			);
			runOnlyForDeploymentPostprocessing = 0;
		};
/* End PBXResourcesBuildPhase section */

/* Begin PBXSourcesBuildPhase section */
		F8BCEBB32BF9D1E100C9B95B /* Sources */ = {
			isa = PBXSourcesBuildPhase;
			buildActionMask = 2147483647;
			files = (
				F8BCEBC42BF9D1E300C9B95B /* Persistence.swift in Sources */,
				F8BCEBBD2BF9D1E100C9B95B /* ContentView.swift in Sources */,
				F8BCEBBB2BF9D1E100C9B95B /* my_traffic3App.swift in Sources */,
				F8BCEBC72BF9D1E300C9B95B /* my_traffic3.xcdatamodeld in Sources */,
			);
			runOnlyForDeploymentPostprocessing = 0;
		};
/* End PBXSourcesBuildPhase section */

/* Begin XCBuildConfiguration section */
		F8BCEBC82BF9D1E300C9B95B /* Debug */ = {
			isa = XCBuildConfiguration;
			buildSettings = {
				ALWAYS_SEARCH_USER_PATHS = NO;
				ASSETCATALOG_COMPILER_GENERATE_SWIFT_ASSET_SYMBOL_EXTENSIONS = YES;
				CLANG_ANALYZER_NONNULL = YES;
				CLANG_ANALYZER_NUMBER_OBJECT_CONVERSION = YES_AGGRESSIVE;
				CLANG_CXX_LANGUAGE_STANDARD = "gnu++20";
				CLANG_ENABLE_MODULES = YES;
				CLANG_ENABLE_OBJC_ARC = YES;
				CLANG_ENABLE_OBJC_WEAK = YES;
				CLANG_WARN_BLOCK_CAPTURE_AUTORELEASING = YES;
				CLANG_WARN_BOOL_CONVERSION = YES;
				CLANG_WARN_COMMA = YES;
				CLANG_WARN_CONSTANT_CONVERSION = YES;
				CLANG_WARN_DEPRECATED_OBJC_IMPLEMENTATIONS = YES;
				CLANG_WARN_DIRECT_OBJC_ISA_USAGE = YES_ERROR;
				CLANG_WARN_DOCUMENTATION_COMMENTS = YES;
				CLANG_WARN_EMPTY_BODY = YES;
				CLANG_WARN_ENUM_CONVERSION = YES;
				CLANG_WARN_INFINITE_RECURSION = YES;
				CLANG_WARN_INT_CONVERSION = YES;
				CLANG_WARN_NON_LITERAL_NULL_CONVERSION = YES;
				CLANG_WARN_OBJC_IMPLICIT_RETAIN_SELF = YES;
				CLANG_WARN_OBJC_LITERAL_CONVERSION = YES;
				CLANG_WARN_OBJC_ROOT_CLASS = YES_ERROR;
				CLANG_WARN_QUOTED_INCLUDE_IN_FRAMEWORK_HEADER = YES;
				CLANG_WARN_RANGE_LOOP_ANALYSIS = YES;
				CLANG_WARN_STRICT_PROTOTYPES = YES;
				CLANG_WARN_SUSPICIOUS_MOVE = YES;
				CLANG_WARN_UNGUARDED_AVAILABILITY = YES_AGGRESSIVE;
				CLANG_WARN_UNREACHABLE_CODE = YES;
				CLANG_WARN__DUPLICATE_METHOD_MATCH = YES;
				COPY_PHASE_STRIP = NO;
				DEBUG_INFORMATION_FORMAT = dwarf;
				ENABLE_STRICT_OBJC_MSGSEND = YES;
				ENABLE_TESTABILITY = YES;
				ENABLE_USER_SCRIPT_SANDBOXING = YES;
				GCC_C_LANGUAGE_STANDARD = gnu17;
				GCC_DYNAMIC_NO_PIC = NO;
				GCC_NO_COMMON_BLOCKS = YES;
				GCC_OPTIMIZATION_LEVEL = 0;
				GCC_PREPROCESSOR_DEFINITIONS = (
					"DEBUG=1",
					"$(inherited)",
				);
				GCC_WARN_64_TO_32_BIT_CONVERSION = YES;
				GCC_WARN_ABOUT_RETURN_TYPE = YES_ERROR;
				GCC_WARN_UNDECLARED_SELECTOR = YES;
				GCC_WARN_UNINITIALIZED_AUTOS = YES_AGGRESSIVE;
				GCC_WARN_UNUSED_FUNCTION = YES;
				GCC_WARN_UNUSED_VARIABLE = YES;
				IPHONEOS_DEPLOYMENT_TARGET = 17.2;
				LOCALIZATION_PREFERS_STRING_CATALOGS = YES;
				MTL_ENABLE_DEBUG_INFO = INCLUDE_SOURCE;
				MTL_FAST_MATH = YES;
				ONLY_ACTIVE_ARCH = YES;
				SDKROOT = iphoneos;
				SWIFT_ACTIVE_COMPILATION_CONDITIONS = "DEBUG $(inherited)";
				SWIFT_OPTIMIZATION_LEVEL = "-Onone";
			};
			name = Debug;
		};
		F8BCEBC92BF9D1E300C9B95B /* Release */ = {
			isa = XCBuildConfiguration;
			buildSettings = {
				ALWAYS_SEARCH_USER_PATHS = NO;
				ASSETCATALOG_COMPILER_GENERATE_SWIFT_ASSET_SYMBOL_EXTENSIONS = YES;
				CLANG_ANALYZER_NONNULL = YES;
				CLANG_ANALYZER_NUMBER_OBJECT_CONVERSION = YES_AGGRESSIVE;
				CLANG_CXX_LANGUAGE_STANDARD = "gnu++20";
				CLANG_ENABLE_MODULES = YES;
				CLANG_ENABLE_OBJC_ARC = YES;
				CLANG_ENABLE_OBJC_WEAK = YES;
				CLANG_WARN_BLOCK_CAPTURE_AUTORELEASING = YES;
				CLANG_WARN_BOOL_CONVERSION = YES;
				CLANG_WARN_COMMA = YES;
				CLANG_WARN_CONSTANT_CONVERSION = YES;
				CLANG_WARN_DEPRECATED_OBJC_IMPLEMENTATIONS = YES;
				CLANG_WARN_DIRECT_OBJC_ISA_USAGE = YES_ERROR;
				CLANG_WARN_DOCUMENTATION_COMMENTS = YES;
				CLANG_WARN_EMPTY_BODY = YES;
				CLANG_WARN_ENUM_CONVERSION = YES;
				CLANG_WARN_INFINITE_RECURSION = YES;
				CLANG_WARN_INT_CONVERSION = YES;
				CLANG_WARN_NON_LITERAL_NULL_CONVERSION = YES;
				CLANG_WARN_OBJC_IMPLICIT_RETAIN_SELF = YES;
				CLANG_WARN_OBJC_LITERAL_CONVERSION = YES;
				CLANG_WARN_OBJC_ROOT_CLASS = YES_ERROR;
				CLANG_WARN_QUOTED_INCLUDE_IN_FRAMEWORK_HEADER = YES;
				CLANG_WARN_RANGE_LOOP_ANALYSIS = YES;
				CLANG_WARN_STRICT_PROTOTYPES = YES;
				CLANG_WARN_SUSPICIOUS_MOVE = YES;
				CLANG_WARN_UNGUARDED_AVAILABILITY = YES_AGGRESSIVE;
				CLANG_WARN_UNREACHABLE_CODE = YES;
				CLANG_WARN__DUPLICATE_METHOD_MATCH = YES;
				COPY_PHASE_STRIP = NO;
				DEBUG_INFORMATION_FORMAT = "dwarf-with-dsym";
				ENABLE_NS_ASSERTIONS = NO;
				ENABLE_STRICT_OBJC_MSGSEND = YES;
				ENABLE_USER_SCRIPT_SANDBOXING = YES;
				GCC_C_LANGUAGE_STANDARD = gnu17;
				GCC_NO_COMMON_BLOCKS = YES;
				GCC_WARN_64_TO_32_BIT_CONVERSION = YES;
				GCC_WARN_ABOUT_RETURN_TYPE = YES_ERROR;
				GCC_WARN_UNDECLARED_SELECTOR = YES;
				GCC_WARN_UNINITIALIZED_AUTOS = YES_AGGRESSIVE;
				GCC_WARN_UNUSED_FUNCTION = YES;
				GCC_WARN_UNUSED_VARIABLE = YES;
				IPHONEOS_DEPLOYMENT_TARGET = 17.2;
				LOCALIZATION_PREFERS_STRING_CATALOGS = YES;
				MTL_ENABLE_DEBUG_INFO = NO;
				MTL_FAST_MATH = YES;
				SDKROOT = iphoneos;
				SWIFT_COMPILATION_MODE = wholemodule;
				VALIDATE_PRODUCT = YES;
			};
			name = Release;
		};
		F8BCEBCB2BF9D1E300C9B95B /* Debug */ = {
			isa = XCBuildConfiguration;
			buildSettings = {
				ASSETCATALOG_COMPILER_APPICON_NAME = AppIcon;
				ASSETCATALOG_COMPILER_GLOBAL_ACCENT_COLOR_NAME = AccentColor;
				CODE_SIGN_STYLE = Automatic;
				CURRENT_PROJECT_VERSION = 1;
				DEVELOPMENT_ASSET_PATHS = "\"my_traffic3/Preview Content\"";
				DEVELOPMENT_TEAM = MWG9LPAA66;
				ENABLE_PREVIEWS = YES;
				GENERATE_INFOPLIST_FILE = YES;
				INFOPLIST_KEY_UIApplicationSceneManifest_Generation = YES;
				INFOPLIST_KEY_UIApplicationSupportsIndirectInputEvents = YES;
				INFOPLIST_KEY_UILaunchScreen_Generation = YES;
				INFOPLIST_KEY_UISupportedInterfaceOrientations_iPad = "UIInterfaceOrientationPortrait UIInterfaceOrientationPortraitUpsideDown UIInterfaceOrientationLandscapeLeft UIInterfaceOrientationLandscapeRight";
				INFOPLIST_KEY_UISupportedInterfaceOrientations_iPhone = "UIInterfaceOrientationPortrait UIInterfaceOrientationLandscapeLeft UIInterfaceOrientationLandscapeRight";
				LD_RUNPATH_SEARCH_PATHS = (
					"$(inherited)",
					"@executable_path/Frameworks",
				);
				MARKETING_VERSION = 1.0;
				PRODUCT_BUNDLE_IDENTIFIER = "yh.my-traffic3";
				PRODUCT_NAME = "$(TARGET_NAME)";
				SWIFT_EMIT_LOC_STRINGS = YES;
				SWIFT_VERSION = 5.0;
				TARGETED_DEVICE_FAMILY = "1,2";
			};
			name = Debug;
		};
		F8BCEBCC2BF9D1E300C9B95B /* Release */ = {
			isa = XCBuildConfiguration;
			buildSettings = {
				ASSETCATALOG_COMPILER_APPICON_NAME = AppIcon;
				ASSETCATALOG_COMPILER_GLOBAL_ACCENT_COLOR_NAME = AccentColor;
				CODE_SIGN_STYLE = Automatic;
				CURRENT_PROJECT_VERSION = 1;
				DEVELOPMENT_ASSET_PATHS = "\"my_traffic3/Preview Content\"";
				DEVELOPMENT_TEAM = MWG9LPAA66;
				ENABLE_PREVIEWS = YES;
				GENERATE_INFOPLIST_FILE = YES;
				INFOPLIST_KEY_UIApplicationSceneManifest_Generation = YES;
				INFOPLIST_KEY_UIApplicationSupportsIndirectInputEvents = YES;
				INFOPLIST_KEY_UILaunchScreen_Generation = YES;
				INFOPLIST_KEY_UISupportedInterfaceOrientations_iPad = "UIInterfaceOrientationPortrait UIInterfaceOrientationPortraitUpsideDown UIInterfaceOrientationLandscapeLeft UIInterfaceOrientationLandscapeRight";
				INFOPLIST_KEY_UISupportedInterfaceOrientations_iPhone = "UIInterfaceOrientationPortrait UIInterfaceOrientationLandscapeLeft UIInterfaceOrientationLandscapeRight";
				LD_RUNPATH_SEARCH_PATHS = (
					"$(inherited)",
					"@executable_path/Frameworks",
				);
				MARKETING_VERSION = 1.0;
				PRODUCT_BUNDLE_IDENTIFIER = "yh.my-traffic3";
				PRODUCT_NAME = "$(TARGET_NAME)";
				SWIFT_EMIT_LOC_STRINGS = YES;
				SWIFT_VERSION = 5.0;
				TARGETED_DEVICE_FAMILY = "1,2";
			};
			name = Release;
		};
/* End XCBuildConfiguration section */

/* Begin XCConfigurationList section */
		F8BCEBB22BF9D1E100C9B95B /* Build configuration list for PBXProject "my_traffic3" */ = {
			isa = XCConfigurationList;
			buildConfigurations = (
				F8BCEBC82BF9D1E300C9B95B /* Debug */,
				F8BCEBC92BF9D1E300C9B95B /* Release */,
			);
			defaultConfigurationIsVisible = 0;
			defaultConfigurationName = Release;
		};
		F8BCEBCA2BF9D1E300C9B95B /* Build configuration list for PBXNativeTarget "my_traffic3" */ = {
			isa = XCConfigurationList;
			buildConfigurations = (
				F8BCEBCB2BF9D1E300C9B95B /* Debug */,
				F8BCEBCC2BF9D1E300C9B95B /* Release */,
			);
			defaultConfigurationIsVisible = 0;
			defaultConfigurationName = Release;
		};
/* End XCConfigurationList section */

/* Begin XCVersionGroup section */
		F8BCEBC52BF9D1E300C9B95B /* my_traffic3.xcdatamodeld */ = {
			isa = XCVersionGroup;
			children = (
				F8BCEBC62BF9D1E300C9B95B /* my_traffic3.xcdatamodel */,
			);
			currentVersion = F8BCEBC62BF9D1E300C9B95B /* my_traffic3.xcdatamodel */;
			path = my_traffic3.xcdatamodeld;
			sourceTree = "<group>";
			versionGroupType = wrapper.xcdatamodel;
		};
/* End XCVersionGroup section */
	};
	rootObject = F8BCEBAF2BF9D1E100C9B95B /* Project object */;
}
